// !$*UTF8*$!
{
	archiveVersion = 1;
	classes = {
	};
	objectVersion = 46;
	objects = {

/* Begin PBXBuildFile section */
		05FB2D361E903B3100B3A716 /* main.cpp in Sources */ = {isa = PBXBuildFile; fileRef = 05FB2D351E903B3100B3A716 /* main.cpp */; };
		05FB2D401E903CBF00B3A716 /* Coordinate_parse.cpp in Sources */ = {isa = PBXBuildFile; fileRef = 05FB2D3E1E903CBF00B3A716 /* Coordinate_parse.cpp */; };
/* End PBXBuildFile section */

/* Begin PBXCopyFilesBuildPhase section */
		05FB2D301E903B3100B3A716 /* CopyFiles */ = {
			isa = PBXCopyFilesBuildPhase;
			buildActionMask = 2147483647;
			dstPath = /usr/share/man/man1/;
			dstSubfolderSpec = 0;
			files = (
			);
			runOnlyForDeploymentPostprocessing = 1;
		};
/* End PBXCopyFilesBuildPhase section */

/* Begin PBXFileReference section */
		05FB2D321E903B3100B3A716 /* CoordinateSort */ = {isa = PBXFileReference; explicitFileType = "compiled.mach-o.executable"; includeInIndex = 0; path = CoordinateSort; sourceTree = BUILT_PRODUCTS_DIR; };
		05FB2D351E903B3100B3A716 /* main.cpp */ = {isa = PBXFileReference; lastKnownFileType = sourcecode.cpp.cpp; path = main.cpp; sourceTree = "<group>"; };
		05FB2D3E1E903CBF00B3A716 /* Coordinate_parse.cpp */ = {isa = PBXFileReference; fileEncoding = 4; lastKnownFileType = sourcecode.cpp.cpp; path = Coordinate_parse.cpp; sourceTree = "<group>"; };
		05FB2D3F1E903CBF00B3A716 /* csv.h */ = {isa = PBXFileReference; fileEncoding = 4; lastKnownFileType = sourcecode.c.h; path = csv.h; sourceTree = "<group>"; };
/* End PBXFileReference section */

/* Begin PBXFrameworksBuildPhase section */
		05FB2D2F1E903B3100B3A716 /* Frameworks */ = {
			isa = PBXFrameworksBuildPhase;
			buildActionMask = 2147483647;
			files = (
			);
			runOnlyForDeploymentPostprocessing = 0;
		};
/* End PBXFrameworksBuildPhase section */

/* Begin PBXGroup section */
		05FB2D291E903B3100B3A716 = {
			isa = PBXGroup;
			children = (
				05FB2D341E903B3100B3A716 /* CoordinateSort */,
				05FB2D331E903B3100B3A716 /* Products */,
			);
			sourceTree = "<group>";
		};
		05FB2D331E903B3100B3A716 /* Products */ = {
			isa = PBXGroup;
			children = (
				05FB2D321E903B3100B3A716 /* CoordinateSort */,
			);
			name = Products;
			sourceTree = "<group>";
		};
		05FB2D341E903B3100B3A716 /* CoordinateSort */ = {
			isa = PBXGroup;
			children = (
				05FB2D351E903B3100B3A716 /* main.cpp */,
				05FB2D3E1E903CBF00B3A716 /* Coordinate_parse.cpp */,
				05FB2D3F1E903CBF00B3A716 /* csv.h */,
			);
			path = CoordinateSort;
			sourceTree = "<group>";
		};
/* End PBXGroup section */

/* Begin PBXNativeTarget section */
		05FB2D311E903B3100B3A716 /* CoordinateSort */ = {
			isa = PBXNativeTarget;
			buildConfigurationList = 05FB2D391E903B3100B3A716 /* Build configuration list for PBXNativeTarget "CoordinateSort" */;
			buildPhases = (
				05FB2D2E1E903B3100B3A716 /* Sources */,
				05FB2D2F1E903B3100B3A716 /* Frameworks */,
				05FB2D301E903B3100B3A716 /* CopyFiles */,
			);
			buildRules = (
			);
			dependencies = (
			);
			name = CoordinateSort;
			productName = CoordinateSort;
			productReference = 05FB2D321E903B3100B3A716 /* CoordinateSort */;
			productType = "com.apple.product-type.tool";
		};
/* End PBXNativeTarget section */

/* Begin PBXProject section */
		05FB2D2A1E903B3100B3A716 /* Project object */ = {
			isa = PBXProject;
			attributes = {
				LastUpgradeCheck = 0830;
				ORGANIZATIONNAME = "Ryan Paglinawan";
				TargetAttributes = {
					05FB2D311E903B3100B3A716 = {
						CreatedOnToolsVersion = 8.3;
						DevelopmentTeam = J53H4T44Y4;
						ProvisioningStyle = Automatic;
					};
				};
			};
			buildConfigurationList = 05FB2D2D1E903B3100B3A716 /* Build configuration list for PBXProject "CoordinateSort" */;
			compatibilityVersion = "Xcode 3.2";
			developmentRegion = English;
			hasScannedForEncodings = 0;
			knownRegions = (
				en,
			);
			mainGroup = 05FB2D291E903B3100B3A716;
			productRefGroup = 05FB2D331E903B3100B3A716 /* Products */;
			projectDirPath = "";
			projectRoot = "";
			targets = (
				05FB2D311E903B3100B3A716 /* CoordinateSort */,
			);
		};
/* End PBXProject section */

/* Begin PBXSourcesBuildPhase section */
		05FB2D2E1E903B3100B3A716 /* Sources */ = {
			isa = PBXSourcesBuildPhase;
			buildActionMask = 2147483647;
			files = (
				05FB2D361E903B3100B3A716 /* main.cpp in Sources */,
				05FB2D401E903CBF00B3A716 /* Coordinate_parse.cpp in Sources */,
			);
			runOnlyForDeploymentPostprocessing = 0;
		};
/* End PBXSourcesBuildPhase section */

/* Begin XCBuildConfiguration section */
		05FB2D371E903B3100B3A716 /* Debug */ = {
			isa = XCBuildConfiguration;
			buildSettings = {
				ALWAYS_SEARCH_USER_PATHS = NO;
				CLANG_ANALYZER_NONNULL = YES;
				CLANG_ANALYZER_NUMBER_OBJECT_CONVERSION = YES_AGGRESSIVE;
				CLANG_CXX_LANGUAGE_STANDARD = "gnu++0x";
				CLANG_CXX_LIBRARY = "libc++";
				CLANG_ENABLE_MODULES = YES;
				CLANG_ENABLE_OBJC_ARC = YES;
				CLANG_WARN_BOOL_CONVERSION = YES;
				CLANG_WARN_CONSTANT_CONVERSION = YES;
				CLANG_WARN_DIRECT_OBJC_ISA_USAGE = YES_ERROR;
				CLANG_WARN_DOCUMENTATION_COMMENTS = YES;
				CLANG_WARN_EMPTY_BODY = YES;
				CLANG_WARN_ENUM_CONVERSION = YES;
				CLANG_WARN_INFINITE_RECURSION = YES;
				CLANG_WARN_INT_CONVERSION = YES;
				CLANG_WARN_OBJC_ROOT_CLASS = YES_ERROR;
				CLANG_WARN_SUSPICIOUS_MOVE = YES;
				CLANG_WARN_UNREACHABLE_CODE = YES;
				CLANG_WARN__DUPLICATE_METHOD_MATCH = YES;
				CODE_SIGN_IDENTITY = "-";
				COPY_PHASE_STRIP = NO;
				DEBUG_INFORMATION_FORMAT = dwarf;
				ENABLE_STRICT_OBJC_MSGSEND = YES;
				ENABLE_TESTABILITY = YES;
				GCC_C_LANGUAGE_STANDARD = gnu99;
				GCC_DYNAMIC_NO_PIC = NO;
				GCC_NO_COMMON_BLOCKS = YES;
				GCC_OPTIMIZATION_LEVEL = 0;
				GCC_PREPROCESSOR_DEFINITIONS = (
					"DEBUG=1",
					"$(inherited)",
				);
				GCC_WARN_64_TO_32_BIT_CONVERSION = YES;
				GCC_WARN_ABOUT_RETURN_TYPE = YES_ERROR;
				GCC_WARN_UNDECLARED_SELECTOR = YES;
				GCC_WARN_UNINITIALIZED_AUTOS = YES_AGGRESSIVE;
				GCC_WARN_UNUSED_FUNCTION = YES;
				GCC_WARN_UNUSED_VARIABLE = YES;
				MACOSX_DEPLOYMENT_TARGET = 10.12;
				MTL_ENABLE_DEBUG_INFO = YES;
				ONLY_ACTIVE_ARCH = YES;
				SDKROOT = macosx;
			};
			name = Debug;
		};
		05FB2D381E903B3100B3A716 /* Release */ = {
			isa = XCBuildConfiguration;
			buildSettings = {
				ALWAYS_SEARCH_USER_PATHS = NO;
				CLANG_ANALYZER_NONNULL = YES;
				CLANG_ANALYZER_NUMBER_OBJECT_CONVERSION = YES_AGGRESSIVE;
				CLANG_CXX_LANGUAGE_STANDARD = "gnu++0x";
				CLANG_CXX_LIBRARY = "libc++";
				CLANG_ENABLE_MODULES = YES;
				CLANG_ENABLE_OBJC_ARC = YES;
				CLANG_WARN_BOOL_CONVERSION = YES;
				CLANG_WARN_CONSTANT_CONVERSION = YES;
				CLANG_WARN_DIRECT_OBJC_ISA_USAGE = YES_ERROR;
				CLANG_WARN_DOCUMENTATION_COMMENTS = YES;
				CLANG_WARN_EMPTY_BODY = YES;
				CLANG_WARN_ENUM_CONVERSION = YES;
				CLANG_WARN_INFINITE_RECURSION = YES;
				CLANG_WARN_INT_CONVERSION = YES;
				CLANG_WARN_OBJC_ROOT_CLASS = YES_ERROR;
				CLANG_WARN_SUSPICIOUS_MOVE = YES;
				CLANG_WARN_UNREACHABLE_CODE = YES;
				CLANG_WARN__DUPLICATE_METHOD_MATCH = YES;
				CODE_SIGN_IDENTITY = "-";
				COPY_PHASE_STRIP = NO;
				DEBUG_INFORMATION_FORMAT = "dwarf-with-dsym";
				ENABLE_NS_ASSERTIONS = NO;
				ENABLE_STRICT_OBJC_MSGSEND = YES;
				GCC_C_LANGUAGE_STANDARD = gnu99;
				GCC_NO_COMMON_BLOCKS = YES;
				GCC_WARN_64_TO_32_BIT_CONVERSION = YES;
				GCC_WARN_ABOUT_RETURN_TYPE = YES_ERROR;
				GCC_WARN_UNDECLARED_SELECTOR = YES;
				GCC_WARN_UNINITIALIZED_AUTOS = YES_AGGRESSIVE;
				GCC_WARN_UNUSED_FUNCTION = YES;
				GCC_WARN_UNUSED_VARIABLE = YES;
				MACOSX_DEPLOYMENT_TARGET = 10.12;
				MTL_ENABLE_DEBUG_INFO = NO;
				SDKROOT = macosx;
			};
			name = Release;
		};
		05FB2D3A1E903B3100B3A716 /* Debug */ = {
			isa = XCBuildConfiguration;
			buildSettings = {
				CODE_SIGN_IDENTITY = "Mac Developer";
				DEVELOPMENT_TEAM = J53H4T44Y4;
				PRODUCT_NAME = "$(TARGET_NAME)";
				PROVISIONING_PROFILE_SPECIFIER = "";
			};
			name = Debug;
		};
		05FB2D3B1E903B3100B3A716 /* Release */ = {
			isa = XCBuildConfiguration;
			buildSettings = {
				CODE_SIGN_IDENTITY = "Mac Developer";
				DEVELOPMENT_TEAM = J53H4T44Y4;
				PRODUCT_NAME = "$(TARGET_NAME)";
				PROVISIONING_PROFILE_SPECIFIER = "";
			};
			name = Release;
		};
/* End XCBuildConfiguration section */

/* Begin XCConfigurationList section */
		05FB2D2D1E903B3100B3A716 /* Build configuration list for PBXProject "CoordinateSort" */ = {
			isa = XCConfigurationList;
			buildConfigurations = (
				05FB2D371E903B3100B3A716 /* Debug */,
				05FB2D381E903B3100B3A716 /* Release */,
			);
			defaultConfigurationIsVisible = 0;
			defaultConfigurationName = Release;
		};
		05FB2D391E903B3100B3A716 /* Build configuration list for PBXNativeTarget "CoordinateSort" */ = {
			isa = XCConfigurationList;
			buildConfigurations = (
				05FB2D3A1E903B3100B3A716 /* Debug */,
				05FB2D3B1E903B3100B3A716 /* Release */,
			);
			defaultConfigurationIsVisible = 0;
		};
/* End XCConfigurationList section */
	};
	rootObject = 05FB2D2A1E903B3100B3A716 /* Project object */;
}
